// !$*UTF8*$!
{
	archiveVersion = 1;
	classes = {
	};
	objectVersion = 46;
	objects = {

/* Begin PBXBuildFile section */
		FBF4C6331D903CCF007D0E05 /* main.c in Sources */ = {isa = PBXBuildFile; fileRef = FBF4C6321D903CCF007D0E05 /* main.c */; };
		FBF4C63B1D9104BA007D0E05 /* Singly_Linked_List.c in Sources */ = {isa = PBXBuildFile; fileRef = FBF4C6391D9104BA007D0E05 /* Singly_Linked_List.c */; };
/* End PBXBuildFile section */

/* Begin PBXCopyFilesBuildPhase section */
		FBF4C62D1D903CCF007D0E05 /* CopyFiles */ = {
			isa = PBXCopyFilesBuildPhase;
			buildActionMask = 2147483647;
			dstPath = /usr/share/man/man1/;
			dstSubfolderSpec = 0;
			files = (
			);
			runOnlyForDeploymentPostprocessing = 1;
		};
/* End PBXCopyFilesBuildPhase section */

/* Begin PBXFileReference section */
		FBF4C62F1D903CCF007D0E05 /* Singly_Linked_List */ = {isa = PBXFileReference; explicitFileType = "compiled.mach-o.executable"; includeInIndex = 0; path = Singly_Linked_List; sourceTree = BUILT_PRODUCTS_DIR; };
		FBF4C6321D903CCF007D0E05 /* main.c */ = {isa = PBXFileReference; lastKnownFileType = sourcecode.c.c; path = main.c; sourceTree = "<group>"; };
		FBF4C6391D9104BA007D0E05 /* Singly_Linked_List.c */ = {isa = PBXFileReference; fileEncoding = 4; lastKnownFileType = sourcecode.c.c; path = Singly_Linked_List.c; sourceTree = "<group>"; };
		FBF4C63A1D9104BA007D0E05 /* Singly_Linked_List.h */ = {isa = PBXFileReference; fileEncoding = 4; lastKnownFileType = sourcecode.c.h; path = Singly_Linked_List.h; sourceTree = "<group>"; };
/* End PBXFileReference section */

/* Begin PBXFrameworksBuildPhase section */
		FBF4C62C1D903CCF007D0E05 /* Frameworks */ = {
			isa = PBXFrameworksBuildPhase;
			buildActionMask = 2147483647;
			files = (
			);
			runOnlyForDeploymentPostprocessing = 0;
		};
/* End PBXFrameworksBuildPhase section */

/* Begin PBXGroup section */
		FBF4C6261D903CCF007D0E05 = {
			isa = PBXGroup;
			children = (
				FBF4C6391D9104BA007D0E05 /* Singly_Linked_List.c */,
				FBF4C63A1D9104BA007D0E05 /* Singly_Linked_List.h */,
				FBF4C6311D903CCF007D0E05 /* Singly_Linked_List */,
				FBF4C6301D903CCF007D0E05 /* Products */,
			);
			sourceTree = "<group>";
		};
		FBF4C6301D903CCF007D0E05 /* Products */ = {
			isa = PBXGroup;
			children = (
				FBF4C62F1D903CCF007D0E05 /* Singly_Linked_List */,
			);
			name = Products;
			sourceTree = "<group>";
		};
		FBF4C6311D903CCF007D0E05 /* Singly_Linked_List */ = {
			isa = PBXGroup;
			children = (
				FBF4C6321D903CCF007D0E05 /* main.c */,
			);
			path = Singly_Linked_List;
			sourceTree = "<group>";
		};
/* End PBXGroup section */

/* Begin PBXNativeTarget section */
		FBF4C62E1D903CCF007D0E05 /* Singly_Linked_List */ = {
			isa = PBXNativeTarget;
			buildConfigurationList = FBF4C6361D903CCF007D0E05 /* Build configuration list for PBXNativeTarget "Singly_Linked_List" */;
			buildPhases = (
				FBF4C62B1D903CCF007D0E05 /* Sources */,
				FBF4C62C1D903CCF007D0E05 /* Frameworks */,
				FBF4C62D1D903CCF007D0E05 /* CopyFiles */,
			);
			buildRules = (
			);
			dependencies = (
			);
			name = Singly_Linked_List;
			productName = Singly_Linked_List;
			productReference = FBF4C62F1D903CCF007D0E05 /* Singly_Linked_List */;
			productType = "com.apple.product-type.tool";
		};
/* End PBXNativeTarget section */

/* Begin PBXProject section */
		FBF4C6271D903CCF007D0E05 /* Project object */ = {
			isa = PBXProject;
			attributes = {
				LastUpgradeCheck = 0800;
				ORGANIZATIONNAME = Solly;
				TargetAttributes = {
					FBF4C62E1D903CCF007D0E05 = {
						CreatedOnToolsVersion = 8.0;
						ProvisioningStyle = Automatic;
					};
				};
			};
			buildConfigurationList = FBF4C62A1D903CCF007D0E05 /* Build configuration list for PBXProject "Singly_Linked_List" */;
			compatibilityVersion = "Xcode 3.2";
			developmentRegion = English;
			hasScannedForEncodings = 0;
			knownRegions = (
				en,
			);
			mainGroup = FBF4C6261D903CCF007D0E05;
			productRefGroup = FBF4C6301D903CCF007D0E05 /* Products */;
			projectDirPath = "";
			projectRoot = "";
			targets = (
				FBF4C62E1D903CCF007D0E05 /* Singly_Linked_List */,
			);
		};
/* End PBXProject section */

/* Begin PBXSourcesBuildPhase section */
		FBF4C62B1D903CCF007D0E05 /* Sources */ = {
			isa = PBXSourcesBuildPhase;
			buildActionMask = 2147483647;
			files = (
				FBF4C63B1D9104BA007D0E05 /* Singly_Linked_List.c in Sources */,
				FBF4C6331D903CCF007D0E05 /* main.c in Sources */,
			);
			runOnlyForDeploymentPostprocessing = 0;
		};
/* End PBXSourcesBuildPhase section */

/* Begin XCBuildConfiguration section */
		FBF4C6341D903CCF007D0E05 /* Debug */ = {
			isa = XCBuildConfiguration;
			buildSettings = {
				ALWAYS_SEARCH_USER_PATHS = NO;
				CLANG_ANALYZER_NONNULL = YES;
				CLANG_CXX_LANGUAGE_STANDARD = "gnu++0x";
				CLANG_CXX_LIBRARY = "libc++";
				CLANG_ENABLE_MODULES = YES;
				CLANG_ENABLE_OBJC_ARC = YES;
				CLANG_WARN_BOOL_CONVERSION = YES;
				CLANG_WARN_CONSTANT_CONVERSION = YES;
				CLANG_WARN_DIRECT_OBJC_ISA_USAGE = YES_ERROR;
				CLANG_WARN_DOCUMENTATION_COMMENTS = YES;
				CLANG_WARN_EMPTY_BODY = YES;
				CLANG_WARN_ENUM_CONVERSION = YES;
				CLANG_WARN_INFINITE_RECURSION = YES;
				CLANG_WARN_INT_CONVERSION = YES;
				CLANG_WARN_OBJC_ROOT_CLASS = YES_ERROR;
				CLANG_WARN_SUSPICIOUS_MOVES = YES;
				CLANG_WARN_UNREACHABLE_CODE = YES;
				CLANG_WARN__DUPLICATE_METHOD_MATCH = YES;
				CODE_SIGN_IDENTITY = "-";
				COPY_PHASE_STRIP = NO;
				DEBUG_INFORMATION_FORMAT = dwarf;
				ENABLE_STRICT_OBJC_MSGSEND = YES;
				ENABLE_TESTABILITY = YES;
				GCC_C_LANGUAGE_STANDARD = gnu99;
				GCC_DYNAMIC_NO_PIC = NO;
				GCC_NO_COMMON_BLOCKS = YES;
				GCC_OPTIMIZATION_LEVEL = 0;
				GCC_PREPROCESSOR_DEFINITIONS = (
					"DEBUG=1",
					"$(inherited)",
				);
				GCC_WARN_64_TO_32_BIT_CONVERSION = YES;
				GCC_WARN_ABOUT_RETURN_TYPE = YES_ERROR;
				GCC_WARN_UNDECLARED_SELECTOR = YES;
				GCC_WARN_UNINITIALIZED_AUTOS = YES_AGGRESSIVE;
				GCC_WARN_UNUSED_FUNCTION = YES;
				GCC_WARN_UNUSED_VARIABLE = YES;
				MACOSX_DEPLOYMENT_TARGET = 10.11;
				MTL_ENABLE_DEBUG_INFO = YES;
				ONLY_ACTIVE_ARCH = YES;
				SDKROOT = macosx;
			};
			name = Debug;
		};
		FBF4C6351D903CCF007D0E05 /* Release */ = {
			isa = XCBuildConfiguration;
			buildSettings = {
				ALWAYS_SEARCH_USER_PATHS = NO;
				CLANG_ANALYZER_NONNULL = YES;
				CLANG_CXX_LANGUAGE_STANDARD = "gnu++0x";
				CLANG_CXX_LIBRARY = "libc++";
				CLANG_ENABLE_MODULES = YES;
				CLANG_ENABLE_OBJC_ARC = YES;
				CLANG_WARN_BOOL_CONVERSION = YES;
				CLANG_WARN_CONSTANT_CONVERSION = YES;
				CLANG_WARN_DIRECT_OBJC_ISA_USAGE = YES_ERROR;
				CLANG_WARN_DOCUMENTATION_COMMENTS = YES;
				CLANG_WARN_EMPTY_BODY = YES;
				CLANG_WARN_ENUM_CONVERSION = YES;
				CLANG_WARN_INFINITE_RECURSION = YES;
				CLANG_WARN_INT_CONVERSION = YES;
				CLANG_WARN_OBJC_ROOT_CLASS = YES_ERROR;
				CLANG_WARN_SUSPICIOUS_MOVES = YES;
				CLANG_WARN_UNREACHABLE_CODE = YES;
				CLANG_WARN__DUPLICATE_METHOD_MATCH = YES;
				CODE_SIGN_IDENTITY = "-";
				COPY_PHASE_STRIP = NO;
				DEBUG_INFORMATION_FORMAT = "dwarf-with-dsym";
				ENABLE_NS_ASSERTIONS = NO;
				ENABLE_STRICT_OBJC_MSGSEND = YES;
				GCC_C_LANGUAGE_STANDARD = gnu99;
				GCC_NO_COMMON_BLOCKS = YES;
				GCC_WARN_64_TO_32_BIT_CONVERSION = YES;
				GCC_WARN_ABOUT_RETURN_TYPE = YES_ERROR;
				GCC_WARN_UNDECLARED_SELECTOR = YES;
				GCC_WARN_UNINITIALIZED_AUTOS = YES_AGGRESSIVE;
				GCC_WARN_UNUSED_FUNCTION = YES;
				GCC_WARN_UNUSED_VARIABLE = YES;
				MACOSX_DEPLOYMENT_TARGET = 10.11;
				MTL_ENABLE_DEBUG_INFO = NO;
				SDKROOT = macosx;
			};
			name = Release;
		};
		FBF4C6371D903CCF007D0E05 /* Debug */ = {
			isa = XCBuildConfiguration;
			buildSettings = {
				PRODUCT_NAME = "$(TARGET_NAME)";
			};
			name = Debug;
		};
		FBF4C6381D903CCF007D0E05 /* Release */ = {
			isa = XCBuildConfiguration;
			buildSettings = {
				PRODUCT_NAME = "$(TARGET_NAME)";
			};
			name = Release;
		};
/* End XCBuildConfiguration section */

/* Begin XCConfigurationList section */
		FBF4C62A1D903CCF007D0E05 /* Build configuration list for PBXProject "Singly_Linked_List" */ = {
			isa = XCConfigurationList;
			buildConfigurations = (
				FBF4C6341D903CCF007D0E05 /* Debug */,
				FBF4C6351D903CCF007D0E05 /* Release */,
			);
			defaultConfigurationIsVisible = 0;
			defaultConfigurationName = Release;
		};
		FBF4C6361D903CCF007D0E05 /* Build configuration list for PBXNativeTarget "Singly_Linked_List" */ = {
			isa = XCConfigurationList;
			buildConfigurations = (
				FBF4C6371D903CCF007D0E05 /* Debug */,
				FBF4C6381D903CCF007D0E05 /* Release */,
			);
			defaultConfigurationIsVisible = 0;
		};
/* End XCConfigurationList section */
	};
	rootObject = FBF4C6271D903CCF007D0E05 /* Project object */;
}
